
Microsoft Visual Studio Solution File, Format Version 12.00
# Visual Studio 15
VisualStudioVersion = 15.0.28307.271
MinimumVisualStudioVersion = 10.0.40219.1
Project("{FAE04EC0-301F-11D3-BF4B-00C04F79EFBC}") = "LegalManagementSystem", "LegalManagementSystem\LegalManagementSystem.csproj", "{28A01D43-3A64-44F3-B3DA-EB93FBD6735A}"
EndProject
Global
	GlobalSection(SolutionConfigurationPlatforms) = preSolution
		Debug|Any CPU = Debug|Any CPU
		DebugLocal|Any CPU = DebugLocal|Any CPU
		Release|Any CPU = Release|Any CPU
	EndGlobalSection
	GlobalSection(ProjectConfigurationPlatforms) = postSolution
		{28A01D43-3A64-44F3-B3DA-EB93FBD6735A}.Debug|Any CPU.ActiveCfg = Debug|Any CPU
		{28A01D43-3A64-44F3-B3DA-EB93FBD6735A}.Debug|Any CPU.Build.0 = Debug|Any CPU
		{28A01D43-3A64-44F3-B3DA-EB93FBD6735A}.DebugLocal|Any CPU.ActiveCfg = Debug|Any CPU
		{28A01D43-3A64-44F3-B3DA-EB93FBD6735A}.DebugLocal|Any CPU.Build.0 = Debug|Any CPU
		{28A01D43-3A64-44F3-B3DA-EB93FBD6735A}.Release|Any CPU.ActiveCfg = Release|Any CPU
		{28A01D43-3A64-44F3-B3DA-EB93FBD6735A}.Release|Any CPU.Build.0 = Release|Any CPU
	EndGlobalSection
	GlobalSection(SolutionProperties) = preSolution
		HideSolutionNode = FALSE
	EndGlobalSection
	GlobalSection(ExtensibilityGlobals) = postSolution
		SolutionGuid = {F3AACFF4-64DA-4E96-A3B3-284F0F46D93D}
	EndGlobalSection
EndGlobal
