
Microsoft Visual Studio Solution File, Format Version 12.00
# Visual Studio Version 16
VisualStudioVersion = 16.0.29905.134
MinimumVisualStudioVersion = 10.0.40219.1
Project("{FAE04EC0-301F-11D3-BF4B-00C04F79EFBC}") = "LegalManagementSystem", "LegalManagementSystem\LegalManagementSystem.csproj", "{28A01D43-3A64-44F3-B3DA-EB93FBD6735A}"
EndProject
Project("{2150E333-8FDC-42A3-9474-1A3956D46DE8}") = "LMS.Service", "LMS.Service", "{C640ECFC-7D2B-4E23-8DDC-22B13EA67D1B}"
EndProject
Project("{2150E333-8FDC-42A3-9474-1A3956D46DE8}") = "Service.Data", "Service.Data", "{A6ADD3DF-75BD-49CA-9129-2F9DE197AA92}"
EndProject
Project("{2150E333-8FDC-42A3-9474-1A3956D46DE8}") = "Service.API", "Service.API", "{7E0CC744-230D-43FA-B3A1-ED88C9A38856}"
EndProject
Project("{FAE04EC0-301F-11D3-BF4B-00C04F79EFBC}") = "LMS.API", "Services\LMS Services\Service.API\LMS.API\LMS.API.csproj", "{BAEF5E49-F9BB-4BE9-9243-2283CBB05C64}"
EndProject
Project("{FAE04EC0-301F-11D3-BF4B-00C04F79EFBC}") = "LMS.API.Tests", "Service.API\LMS.API.Tests\LMS.API.Tests.csproj", "{9B59AEE4-734D-49A7-A355-6E2A5F1BA89C}"
EndProject
Project("{FAE04EC0-301F-11D3-BF4B-00C04F79EFBC}") = "LMS.Data", "LMS.Data\LMS.Data.csproj", "{64A0DFAD-8D33-4AAC-8570-AE43CDBABB3B}"
EndProject
Project("{2150E333-8FDC-42A3-9474-1A3956D46DE8}") = "Service.Entities", "Service.Entities", "{62F7C54B-6F40-4416-817A-641C01264B16}"
EndProject
Project("{FAE04EC0-301F-11D3-BF4B-00C04F79EFBC}") = "LMS.Entities", "LMS.Entities\LMS.Entities.csproj", "{0758D2F9-C4DB-44D1-B1EB-937FED91EC20}"
EndProject
Global
	GlobalSection(SolutionConfigurationPlatforms) = preSolution
		Debug|Any CPU = Debug|Any CPU
		DebugLocal|Any CPU = DebugLocal|Any CPU
		Release|Any CPU = Release|Any CPU
	EndGlobalSection
	GlobalSection(ProjectConfigurationPlatforms) = postSolution
		{28A01D43-3A64-44F3-B3DA-EB93FBD6735A}.Debug|Any CPU.ActiveCfg = Debug|Any CPU
		{28A01D43-3A64-44F3-B3DA-EB93FBD6735A}.Debug|Any CPU.Build.0 = Debug|Any CPU
		{28A01D43-3A64-44F3-B3DA-EB93FBD6735A}.DebugLocal|Any CPU.ActiveCfg = Debug|Any CPU
		{28A01D43-3A64-44F3-B3DA-EB93FBD6735A}.DebugLocal|Any CPU.Build.0 = Debug|Any CPU
		{28A01D43-3A64-44F3-B3DA-EB93FBD6735A}.Release|Any CPU.ActiveCfg = Release|Any CPU
		{28A01D43-3A64-44F3-B3DA-EB93FBD6735A}.Release|Any CPU.Build.0 = Release|Any CPU
		{BAEF5E49-F9BB-4BE9-9243-2283CBB05C64}.Debug|Any CPU.ActiveCfg = Debug|Any CPU
		{BAEF5E49-F9BB-4BE9-9243-2283CBB05C64}.Debug|Any CPU.Build.0 = Debug|Any CPU
		{BAEF5E49-F9BB-4BE9-9243-2283CBB05C64}.DebugLocal|Any CPU.ActiveCfg = Debug|Any CPU
		{BAEF5E49-F9BB-4BE9-9243-2283CBB05C64}.DebugLocal|Any CPU.Build.0 = Debug|Any CPU
		{BAEF5E49-F9BB-4BE9-9243-2283CBB05C64}.Release|Any CPU.ActiveCfg = Release|Any CPU
		{BAEF5E49-F9BB-4BE9-9243-2283CBB05C64}.Release|Any CPU.Build.0 = Release|Any CPU
		{9B59AEE4-734D-49A7-A355-6E2A5F1BA89C}.Debug|Any CPU.ActiveCfg = Debug|Any CPU
		{9B59AEE4-734D-49A7-A355-6E2A5F1BA89C}.Debug|Any CPU.Build.0 = Debug|Any CPU
		{9B59AEE4-734D-49A7-A355-6E2A5F1BA89C}.DebugLocal|Any CPU.ActiveCfg = Debug|Any CPU
		{9B59AEE4-734D-49A7-A355-6E2A5F1BA89C}.DebugLocal|Any CPU.Build.0 = Debug|Any CPU
		{9B59AEE4-734D-49A7-A355-6E2A5F1BA89C}.Release|Any CPU.ActiveCfg = Release|Any CPU
		{9B59AEE4-734D-49A7-A355-6E2A5F1BA89C}.Release|Any CPU.Build.0 = Release|Any CPU
		{64A0DFAD-8D33-4AAC-8570-AE43CDBABB3B}.Debug|Any CPU.ActiveCfg = Debug|Any CPU
		{64A0DFAD-8D33-4AAC-8570-AE43CDBABB3B}.Debug|Any CPU.Build.0 = Debug|Any CPU
		{64A0DFAD-8D33-4AAC-8570-AE43CDBABB3B}.DebugLocal|Any CPU.ActiveCfg = Debug|Any CPU
		{64A0DFAD-8D33-4AAC-8570-AE43CDBABB3B}.DebugLocal|Any CPU.Build.0 = Debug|Any CPU
		{64A0DFAD-8D33-4AAC-8570-AE43CDBABB3B}.Release|Any CPU.ActiveCfg = Release|Any CPU
		{64A0DFAD-8D33-4AAC-8570-AE43CDBABB3B}.Release|Any CPU.Build.0 = Release|Any CPU
		{0758D2F9-C4DB-44D1-B1EB-937FED91EC20}.Debug|Any CPU.ActiveCfg = Debug|Any CPU
		{0758D2F9-C4DB-44D1-B1EB-937FED91EC20}.Debug|Any CPU.Build.0 = Debug|Any CPU
		{0758D2F9-C4DB-44D1-B1EB-937FED91EC20}.DebugLocal|Any CPU.ActiveCfg = Debug|Any CPU
		{0758D2F9-C4DB-44D1-B1EB-937FED91EC20}.DebugLocal|Any CPU.Build.0 = Debug|Any CPU
		{0758D2F9-C4DB-44D1-B1EB-937FED91EC20}.Release|Any CPU.ActiveCfg = Release|Any CPU
		{0758D2F9-C4DB-44D1-B1EB-937FED91EC20}.Release|Any CPU.Build.0 = Release|Any CPU
	EndGlobalSection
	GlobalSection(SolutionProperties) = preSolution
		HideSolutionNode = FALSE
	EndGlobalSection
	GlobalSection(NestedProjects) = preSolution
		{A6ADD3DF-75BD-49CA-9129-2F9DE197AA92} = {C640ECFC-7D2B-4E23-8DDC-22B13EA67D1B}
		{7E0CC744-230D-43FA-B3A1-ED88C9A38856} = {C640ECFC-7D2B-4E23-8DDC-22B13EA67D1B}
		{BAEF5E49-F9BB-4BE9-9243-2283CBB05C64} = {7E0CC744-230D-43FA-B3A1-ED88C9A38856}
		{9B59AEE4-734D-49A7-A355-6E2A5F1BA89C} = {7E0CC744-230D-43FA-B3A1-ED88C9A38856}
		{64A0DFAD-8D33-4AAC-8570-AE43CDBABB3B} = {A6ADD3DF-75BD-49CA-9129-2F9DE197AA92}
		{62F7C54B-6F40-4416-817A-641C01264B16} = {C640ECFC-7D2B-4E23-8DDC-22B13EA67D1B}
		{0758D2F9-C4DB-44D1-B1EB-937FED91EC20} = {62F7C54B-6F40-4416-817A-641C01264B16}
	EndGlobalSection
	GlobalSection(ExtensibilityGlobals) = postSolution
		SolutionGuid = {F3AACFF4-64DA-4E96-A3B3-284F0F46D93D}
	EndGlobalSection
EndGlobal
